// !$*UTF8*$!
{
	archiveVersion = 1;
	classes = {
	};
	objectVersion = 46;
	objects = {

/* Begin PBXBuildFile section */
		85C816311BC61FEE00A88152 /* main.m in Sources */ = {isa = PBXBuildFile; fileRef = 85C816301BC61FEE00A88152 /* main.m */; };
		85C816341BC61FEE00A88152 /* AppDelegate.m in Sources */ = {isa = PBXBuildFile; fileRef = 85C816331BC61FEE00A88152 /* AppDelegate.m */; };
		85C816371BC61FEE00A88152 /* ViewController.m in Sources */ = {isa = PBXBuildFile; fileRef = 85C816361BC61FEE00A88152 /* ViewController.m */; };
		85C8163A1BC61FEE00A88152 /* Main.storyboard in Resources */ = {isa = PBXBuildFile; fileRef = 85C816381BC61FEE00A88152 /* Main.storyboard */; };
		85C8163C1BC61FEE00A88152 /* Images.xcassets in Resources */ = {isa = PBXBuildFile; fileRef = 85C8163B1BC61FEE00A88152 /* Images.xcassets */; };
		85C8163F1BC61FEE00A88152 /* LaunchScreen.xib in Resources */ = {isa = PBXBuildFile; fileRef = 85C8163D1BC61FEE00A88152 /* LaunchScreen.xib */; };
		85C8164B1BC61FEF00A88152 /* Demo02_GitServerTests.m in Sources */ = {isa = PBXBuildFile; fileRef = 85C8164A1BC61FEF00A88152 /* Demo02_GitServerTests.m */; };
/* End PBXBuildFile section */

/* Begin PBXContainerItemProxy section */
		85C816451BC61FEF00A88152 /* PBXContainerItemProxy */ = {
			isa = PBXContainerItemProxy;
			containerPortal = 85C816231BC61FEE00A88152 /* Project object */;
			proxyType = 1;
			remoteGlobalIDString = 85C8162A1BC61FEE00A88152;
			remoteInfo = "Demo02-GitServer";
		};
/* End PBXContainerItemProxy section */

/* Begin PBXFileReference section */
		85C8162B1BC61FEE00A88152 /* Demo02-GitServer.app */ = {isa = PBXFileReference; explicitFileType = wrapper.application; includeInIndex = 0; path = "Demo02-GitServer.app"; sourceTree = BUILT_PRODUCTS_DIR; };
		85C8162F1BC61FEE00A88152 /* Info.plist */ = {isa = PBXFileReference; lastKnownFileType = text.plist.xml; path = Info.plist; sourceTree = "<group>"; };
		85C816301BC61FEE00A88152 /* main.m */ = {isa = PBXFileReference; lastKnownFileType = sourcecode.c.objc; path = main.m; sourceTree = "<group>"; };
		85C816321BC61FEE00A88152 /* AppDelegate.h */ = {isa = PBXFileReference; lastKnownFileType = sourcecode.c.h; path = AppDelegate.h; sourceTree = "<group>"; };
		85C816331BC61FEE00A88152 /* AppDelegate.m */ = {isa = PBXFileReference; lastKnownFileType = sourcecode.c.objc; path = AppDelegate.m; sourceTree = "<group>"; };
		85C816351BC61FEE00A88152 /* ViewController.h */ = {isa = PBXFileReference; lastKnownFileType = sourcecode.c.h; path = ViewController.h; sourceTree = "<group>"; };
		85C816361BC61FEE00A88152 /* ViewController.m */ = {isa = PBXFileReference; lastKnownFileType = sourcecode.c.objc; path = ViewController.m; sourceTree = "<group>"; };
		85C816391BC61FEE00A88152 /* Base */ = {isa = PBXFileReference; lastKnownFileType = file.storyboard; name = Base; path = Base.lproj/Main.storyboard; sourceTree = "<group>"; };
		85C8163B1BC61FEE00A88152 /* Images.xcassets */ = {isa = PBXFileReference; lastKnownFileType = folder.assetcatalog; path = Images.xcassets; sourceTree = "<group>"; };
		85C8163E1BC61FEE00A88152 /* Base */ = {isa = PBXFileReference; lastKnownFileType = file.xib; name = Base; path = Base.lproj/LaunchScreen.xib; sourceTree = "<group>"; };
		85C816441BC61FEF00A88152 /* Demo02-GitServerTests.xctest */ = {isa = PBXFileReference; explicitFileType = wrapper.cfbundle; includeInIndex = 0; path = "Demo02-GitServerTests.xctest"; sourceTree = BUILT_PRODUCTS_DIR; };
		85C816491BC61FEF00A88152 /* Info.plist */ = {isa = PBXFileReference; lastKnownFileType = text.plist.xml; path = Info.plist; sourceTree = "<group>"; };
		85C8164A1BC61FEF00A88152 /* Demo02_GitServerTests.m */ = {isa = PBXFileReference; lastKnownFileType = sourcecode.c.objc; path = Demo02_GitServerTests.m; sourceTree = "<group>"; };
/* End PBXFileReference section */

/* Begin PBXFrameworksBuildPhase section */
		85C816281BC61FEE00A88152 /* Frameworks */ = {
			isa = PBXFrameworksBuildPhase;
			buildActionMask = 2147483647;
			files = (
			);
			runOnlyForDeploymentPostprocessing = 0;
		};
		85C816411BC61FEF00A88152 /* Frameworks */ = {
			isa = PBXFrameworksBuildPhase;
			buildActionMask = 2147483647;
			files = (
			);
			runOnlyForDeploymentPostprocessing = 0;
		};
/* End PBXFrameworksBuildPhase section */

/* Begin PBXGroup section */
		85C816221BC61FEE00A88152 = {
			isa = PBXGroup;
			children = (
				85C8162D1BC61FEE00A88152 /* Demo02-GitServer */,
				85C816471BC61FEF00A88152 /* Demo02-GitServerTests */,
				85C8162C1BC61FEE00A88152 /* Products */,
			);
			sourceTree = "<group>";
		};
		85C8162C1BC61FEE00A88152 /* Products */ = {
			isa = PBXGroup;
			children = (
				85C8162B1BC61FEE00A88152 /* Demo02-GitServer.app */,
				85C816441BC61FEF00A88152 /* Demo02-GitServerTests.xctest */,
			);
			name = Products;
			sourceTree = "<group>";
		};
		85C8162D1BC61FEE00A88152 /* Demo02-GitServer */ = {
			isa = PBXGroup;
			children = (
				85C816321BC61FEE00A88152 /* AppDelegate.h */,
				85C816331BC61FEE00A88152 /* AppDelegate.m */,
				85C816351BC61FEE00A88152 /* ViewController.h */,
				85C816361BC61FEE00A88152 /* ViewController.m */,
				85C816381BC61FEE00A88152 /* Main.storyboard */,
				85C8163B1BC61FEE00A88152 /* Images.xcassets */,
				85C8163D1BC61FEE00A88152 /* LaunchScreen.xib */,
				85C8162E1BC61FEE00A88152 /* Supporting Files */,
			);
			path = "Demo02-GitServer";
			sourceTree = "<group>";
		};
		85C8162E1BC61FEE00A88152 /* Supporting Files */ = {
			isa = PBXGroup;
			children = (
				85C8162F1BC61FEE00A88152 /* Info.plist */,
				85C816301BC61FEE00A88152 /* main.m */,
			);
			name = "Supporting Files";
			sourceTree = "<group>";
		};
		85C816471BC61FEF00A88152 /* Demo02-GitServerTests */ = {
			isa = PBXGroup;
			children = (
				85C8164A1BC61FEF00A88152 /* Demo02_GitServerTests.m */,
				85C816481BC61FEF00A88152 /* Supporting Files */,
			);
			path = "Demo02-GitServerTests";
			sourceTree = "<group>";
		};
		85C816481BC61FEF00A88152 /* Supporting Files */ = {
			isa = PBXGroup;
			children = (
				85C816491BC61FEF00A88152 /* Info.plist */,
			);
			name = "Supporting Files";
			sourceTree = "<group>";
		};
/* End PBXGroup section */

/* Begin PBXNativeTarget section */
		85C8162A1BC61FEE00A88152 /* Demo02-GitServer */ = {
			isa = PBXNativeTarget;
			buildConfigurationList = 85C8164E1BC61FEF00A88152 /* Build configuration list for PBXNativeTarget "Demo02-GitServer" */;
			buildPhases = (
				85C816271BC61FEE00A88152 /* Sources */,
				85C816281BC61FEE00A88152 /* Frameworks */,
				85C816291BC61FEE00A88152 /* Resources */,
			);
			buildRules = (
			);
			dependencies = (
			);
			name = "Demo02-GitServer";
			productName = "Demo02-GitServer";
			productReference = 85C8162B1BC61FEE00A88152 /* Demo02-GitServer.app */;
			productType = "com.apple.product-type.application";
		};
		85C816431BC61FEF00A88152 /* Demo02-GitServerTests */ = {
			isa = PBXNativeTarget;
			buildConfigurationList = 85C816511BC61FEF00A88152 /* Build configuration list for PBXNativeTarget "Demo02-GitServerTests" */;
			buildPhases = (
				85C816401BC61FEF00A88152 /* Sources */,
				85C816411BC61FEF00A88152 /* Frameworks */,
				85C816421BC61FEF00A88152 /* Resources */,
			);
			buildRules = (
			);
			dependencies = (
				85C816461BC61FEF00A88152 /* PBXTargetDependency */,
			);
			name = "Demo02-GitServerTests";
			productName = "Demo02-GitServerTests";
			productReference = 85C816441BC61FEF00A88152 /* Demo02-GitServerTests.xctest */;
			productType = "com.apple.product-type.bundle.unit-test";
		};
/* End PBXNativeTarget section */

/* Begin PBXProject section */
		85C816231BC61FEE00A88152 /* Project object */ = {
			isa = PBXProject;
			attributes = {
				LastUpgradeCheck = 0630;
				ORGANIZATIONNAME = tarena;
				TargetAttributes = {
					85C8162A1BC61FEE00A88152 = {
						CreatedOnToolsVersion = 6.3;
					};
					85C816431BC61FEF00A88152 = {
						CreatedOnToolsVersion = 6.3;
						TestTargetID = 85C8162A1BC61FEE00A88152;
					};
				};
			};
			buildConfigurationList = 85C816261BC61FEE00A88152 /* Build configuration list for PBXProject "Demo02-GitServer" */;
			compatibilityVersion = "Xcode 3.2";
			developmentRegion = English;
			hasScannedForEncodings = 0;
			knownRegions = (
				en,
				Base,
			);
			mainGroup = 85C816221BC61FEE00A88152;
			productRefGroup = 85C8162C1BC61FEE00A88152 /* Products */;
			projectDirPath = "";
			projectRoot = "";
			targets = (
				85C8162A1BC61FEE00A88152 /* Demo02-GitServer */,
				85C816431BC61FEF00A88152 /* Demo02-GitServerTests */,
			);
		};
/* End PBXProject section */

/* Begin PBXResourcesBuildPhase section */
		85C816291BC61FEE00A88152 /* Resources */ = {
			isa = PBXResourcesBuildPhase;
			buildActionMask = 2147483647;
			files = (
				85C8163A1BC61FEE00A88152 /* Main.storyboard in Resources */,
				85C8163F1BC61FEE00A88152 /* LaunchScreen.xib in Resources */,
				85C8163C1BC61FEE00A88152 /* Images.xcassets in Resources */,
			);
			runOnlyForDeploymentPostprocessing = 0;
		};
		85C816421BC61FEF00A88152 /* Resources */ = {
			isa = PBXResourcesBuildPhase;
			buildActionMask = 2147483647;
			files = (
			);
			runOnlyForDeploymentPostprocessing = 0;
		};
/* End PBXResourcesBuildPhase section */

/* Begin PBXSourcesBuildPhase section */
		85C816271BC61FEE00A88152 /* Sources */ = {
			isa = PBXSourcesBuildPhase;
			buildActionMask = 2147483647;
			files = (
				85C816371BC61FEE00A88152 /* ViewController.m in Sources */,
				85C816341BC61FEE00A88152 /* AppDelegate.m in Sources */,
				85C816311BC61FEE00A88152 /* main.m in Sources */,
			);
			runOnlyForDeploymentPostprocessing = 0;
		};
		85C816401BC61FEF00A88152 /* Sources */ = {
			isa = PBXSourcesBuildPhase;
			buildActionMask = 2147483647;
			files = (
				85C8164B1BC61FEF00A88152 /* Demo02_GitServerTests.m in Sources */,
			);
			runOnlyForDeploymentPostprocessing = 0;
		};
/* End PBXSourcesBuildPhase section */

/* Begin PBXTargetDependency section */
		85C816461BC61FEF00A88152 /* PBXTargetDependency */ = {
			isa = PBXTargetDependency;
			target = 85C8162A1BC61FEE00A88152 /* Demo02-GitServer */;
			targetProxy = 85C816451BC61FEF00A88152 /* PBXContainerItemProxy */;
		};
/* End PBXTargetDependency section */

/* Begin PBXVariantGroup section */
		85C816381BC61FEE00A88152 /* Main.storyboard */ = {
			isa = PBXVariantGroup;
			children = (
				85C816391BC61FEE00A88152 /* Base */,
			);
			name = Main.storyboard;
			sourceTree = "<group>";
		};
		85C8163D1BC61FEE00A88152 /* LaunchScreen.xib */ = {
			isa = PBXVariantGroup;
			children = (
				85C8163E1BC61FEE00A88152 /* Base */,
			);
			name = LaunchScreen.xib;
			sourceTree = "<group>";
		};
/* End PBXVariantGroup section */

/* Begin XCBuildConfiguration section */
		85C8164C1BC61FEF00A88152 /* Debug */ = {
			isa = XCBuildConfiguration;
			buildSettings = {
				ALWAYS_SEARCH_USER_PATHS = NO;
				CLANG_CXX_LANGUAGE_STANDARD = "gnu++0x";
				CLANG_CXX_LIBRARY = "libc++";
				CLANG_ENABLE_MODULES = YES;
				CLANG_ENABLE_OBJC_ARC = YES;
				CLANG_WARN_BOOL_CONVERSION = YES;
				CLANG_WARN_CONSTANT_CONVERSION = YES;
				CLANG_WARN_DIRECT_OBJC_ISA_USAGE = YES_ERROR;
				CLANG_WARN_EMPTY_BODY = YES;
				CLANG_WARN_ENUM_CONVERSION = YES;
				CLANG_WARN_INT_CONVERSION = YES;
				CLANG_WARN_OBJC_ROOT_CLASS = YES_ERROR;
				CLANG_WARN_UNREACHABLE_CODE = YES;
				CLANG_WARN__DUPLICATE_METHOD_MATCH = YES;
				"CODE_SIGN_IDENTITY[sdk=iphoneos*]" = "iPhone Developer";
				COPY_PHASE_STRIP = NO;
				DEBUG_INFORMATION_FORMAT = "dwarf-with-dsym";
				ENABLE_STRICT_OBJC_MSGSEND = YES;
				GCC_C_LANGUAGE_STANDARD = gnu99;
				GCC_DYNAMIC_NO_PIC = NO;
				GCC_NO_COMMON_BLOCKS = YES;
				GCC_OPTIMIZATION_LEVEL = 0;
				GCC_PREPROCESSOR_DEFINITIONS = (
					"DEBUG=1",
					"$(inherited)",
				);
				GCC_SYMBOLS_PRIVATE_EXTERN = NO;
				GCC_WARN_64_TO_32_BIT_CONVERSION = YES;
				GCC_WARN_ABOUT_RETURN_TYPE = YES_ERROR;
				GCC_WARN_UNDECLARED_SELECTOR = YES;
				GCC_WARN_UNINITIALIZED_AUTOS = YES_AGGRESSIVE;
				GCC_WARN_UNUSED_FUNCTION = YES;
				GCC_WARN_UNUSED_VARIABLE = YES;
				IPHONEOS_DEPLOYMENT_TARGET = 8.3;
				MTL_ENABLE_DEBUG_INFO = YES;
				ONLY_ACTIVE_ARCH = YES;
				SDKROOT = iphoneos;
			};
			name = Debug;
		};
		85C8164D1BC61FEF00A88152 /* Release */ = {
			isa = XCBuildConfiguration;
			buildSettings = {
				ALWAYS_SEARCH_USER_PATHS = NO;
				CLANG_CXX_LANGUAGE_STANDARD = "gnu++0x";
				CLANG_CXX_LIBRARY = "libc++";
				CLANG_ENABLE_MODULES = YES;
				CLANG_ENABLE_OBJC_ARC = YES;
				CLANG_WARN_BOOL_CONVERSION = YES;
				CLANG_WARN_CONSTANT_CONVERSION = YES;
				CLANG_WARN_DIRECT_OBJC_ISA_USAGE = YES_ERROR;
				CLANG_WARN_EMPTY_BODY = YES;
				CLANG_WARN_ENUM_CONVERSION = YES;
				CLANG_WARN_INT_CONVERSION = YES;
				CLANG_WARN_OBJC_ROOT_CLASS = YES_ERROR;
				CLANG_WARN_UNREACHABLE_CODE = YES;
				CLANG_WARN__DUPLICATE_METHOD_MATCH = YES;
				"CODE_SIGN_IDENTITY[sdk=iphoneos*]" = "iPhone Developer";
				COPY_PHASE_STRIP = NO;
				DEBUG_INFORMATION_FORMAT = "dwarf-with-dsym";
				ENABLE_NS_ASSERTIONS = NO;
				ENABLE_STRICT_OBJC_MSGSEND = YES;
				GCC_C_LANGUAGE_STANDARD = gnu99;
				GCC_NO_COMMON_BLOCKS = YES;
				GCC_WARN_64_TO_32_BIT_CONVERSION = YES;
				GCC_WARN_ABOUT_RETURN_TYPE = YES_ERROR;
				GCC_WARN_UNDECLARED_SELECTOR = YES;
				GCC_WARN_UNINITIALIZED_AUTOS = YES_AGGRESSIVE;
				GCC_WARN_UNUSED_FUNCTION = YES;
				GCC_WARN_UNUSED_VARIABLE = YES;
				IPHONEOS_DEPLOYMENT_TARGET = 8.3;
				MTL_ENABLE_DEBUG_INFO = NO;
				SDKROOT = iphoneos;
				VALIDATE_PRODUCT = YES;
			};
			name = Release;
		};
		85C8164F1BC61FEF00A88152 /* Debug */ = {
			isa = XCBuildConfiguration;
			buildSettings = {
				ASSETCATALOG_COMPILER_APPICON_NAME = AppIcon;
				INFOPLIST_FILE = "Demo02-GitServer/Info.plist";
				LD_RUNPATH_SEARCH_PATHS = "$(inherited) @executable_path/Frameworks";
				PRODUCT_NAME = "$(TARGET_NAME)";
			};
			name = Debug;
		};
		85C816501BC61FEF00A88152 /* Release */ = {
			isa = XCBuildConfiguration;
			buildSettings = {
				ASSETCATALOG_COMPILER_APPICON_NAME = AppIcon;
				INFOPLIST_FILE = "Demo02-GitServer/Info.plist";
				LD_RUNPATH_SEARCH_PATHS = "$(inherited) @executable_path/Frameworks";
				PRODUCT_NAME = "$(TARGET_NAME)";
			};
			name = Release;
		};
		85C816521BC61FEF00A88152 /* Debug */ = {
			isa = XCBuildConfiguration;
			buildSettings = {
				BUNDLE_LOADER = "$(TEST_HOST)";
				FRAMEWORK_SEARCH_PATHS = (
					"$(SDKROOT)/Developer/Library/Frameworks",
					"$(inherited)",
				);
				GCC_PREPROCESSOR_DEFINITIONS = (
					"DEBUG=1",
					"$(inherited)",
				);
				INFOPLIST_FILE = "Demo02-GitServerTests/Info.plist";
				LD_RUNPATH_SEARCH_PATHS = "$(inherited) @executable_path/Frameworks @loader_path/Frameworks";
				PRODUCT_NAME = "$(TARGET_NAME)";
				TEST_HOST = "$(BUILT_PRODUCTS_DIR)/Demo02-GitServer.app/Demo02-GitServer";
			};
			name = Debug;
		};
		85C816531BC61FEF00A88152 /* Release */ = {
			isa = XCBuildConfiguration;
			buildSettings = {
				BUNDLE_LOADER = "$(TEST_HOST)";
				FRAMEWORK_SEARCH_PATHS = (
					"$(SDKROOT)/Developer/Library/Frameworks",
					"$(inherited)",
				);
				INFOPLIST_FILE = "Demo02-GitServerTests/Info.plist";
				LD_RUNPATH_SEARCH_PATHS = "$(inherited) @executable_path/Frameworks @loader_path/Frameworks";
				PRODUCT_NAME = "$(TARGET_NAME)";
				TEST_HOST = "$(BUILT_PRODUCTS_DIR)/Demo02-GitServer.app/Demo02-GitServer";
			};
			name = Release;
		};
/* End XCBuildConfiguration section */

/* Begin XCConfigurationList section */
		85C816261BC61FEE00A88152 /* Build configuration list for PBXProject "Demo02-GitServer" */ = {
			isa = XCConfigurationList;
			buildConfigurations = (
				85C8164C1BC61FEF00A88152 /* Debug */,
				85C8164D1BC61FEF00A88152 /* Release */,
			);
			defaultConfigurationIsVisible = 0;
			defaultConfigurationName = Release;
		};
		85C8164E1BC61FEF00A88152 /* Build configuration list for PBXNativeTarget "Demo02-GitServer" */ = {
			isa = XCConfigurationList;
			buildConfigurations = (
				85C8164F1BC61FEF00A88152 /* Debug */,
				85C816501BC61FEF00A88152 /* Release */,
			);
			defaultConfigurationIsVisible = 0;
		};
		85C816511BC61FEF00A88152 /* Build configuration list for PBXNativeTarget "Demo02-GitServerTests" */ = {
			isa = XCConfigurationList;
			buildConfigurations = (
				85C816521BC61FEF00A88152 /* Debug */,
				85C816531BC61FEF00A88152 /* Release */,
			);
			defaultConfigurationIsVisible = 0;
		};
/* End XCConfigurationList section */
	};
	rootObject = 85C816231BC61FEE00A88152 /* Project object */;
}
